// !$*UTF8*$!
{
	archiveVersion = 1;
	classes = {
	};
	objectVersion = 77;
	objects = {

/* Begin PBXContainerItemProxy section */
		B5D6E7052CAFD57A00AF1F89 /* PBXContainerItemProxy */ = {
			isa = PBXContainerItemProxy;
			containerPortal = B5D6E6EC2CAFD57900AF1F89 /* Project object */;
			proxyType = 1;
			remoteGlobalIDString = B5D6E6F32CAFD57900AF1F89;
			remoteInfo = ChatApplication;
		};
		B5D6E70F2CAFD57A00AF1F89 /* PBXContainerItemProxy */ = {
			isa = PBXContainerItemProxy;
			containerPortal = B5D6E6EC2CAFD57900AF1F89 /* Project object */;
			proxyType = 1;
			remoteGlobalIDString = B5D6E6F32CAFD57900AF1F89;
			remoteInfo = ChatApplication;
		};
/* End PBXContainerItemProxy section */

/* Begin PBXFileReference section */
		B5D6E6F42CAFD57900AF1F89 /* ChatApplication.app */ = {isa = PBXFileReference; explicitFileType = wrapper.application; includeInIndex = 0; path = ChatApplication.app; sourceTree = BUILT_PRODUCTS_DIR; };
		B5D6E7042CAFD57A00AF1F89 /* ChatApplicationTests.xctest */ = {isa = PBXFileReference; explicitFileType = wrapper.cfbundle; includeInIndex = 0; path = ChatApplicationTests.xctest; sourceTree = BUILT_PRODUCTS_DIR; };
		B5D6E70E2CAFD57A00AF1F89 /* ChatApplicationUITests.xctest */ = {isa = PBXFileReference; explicitFileType = wrapper.cfbundle; includeInIndex = 0; path = ChatApplicationUITests.xctest; sourceTree = BUILT_PRODUCTS_DIR; };
/* End PBXFileReference section */

/* Begin PBXFileSystemSynchronizedRootGroup section */
		B5D6E6F62CAFD57900AF1F89 /* ChatApplication */ = {
			isa = PBXFileSystemSynchronizedRootGroup;
			path = ChatApplication;
			sourceTree = "<group>";
		};
		B5D6E7072CAFD57A00AF1F89 /* ChatApplicationTests */ = {
			isa = PBXFileSystemSynchronizedRootGroup;
			path = ChatApplicationTests;
			sourceTree = "<group>";
		};
		B5D6E7112CAFD57A00AF1F89 /* ChatApplicationUITests */ = {
			isa = PBXFileSystemSynchronizedRootGroup;
			path = ChatApplicationUITests;
			sourceTree = "<group>";
		};
/* End PBXFileSystemSynchronizedRootGroup section */

/* Begin PBXFrameworksBuildPhase section */
		B5D6E6F12CAFD57900AF1F89 /* Frameworks */ = {
			isa = PBXFrameworksBuildPhase;
			buildActionMask = 2147483647;
			files = (
			);
			runOnlyForDeploymentPostprocessing = 0;
		};
		B5D6E7012CAFD57A00AF1F89 /* Frameworks */ = {
			isa = PBXFrameworksBuildPhase;
			buildActionMask = 2147483647;
			files = (
			);
			runOnlyForDeploymentPostprocessing = 0;
		};
		B5D6E70B2CAFD57A00AF1F89 /* Frameworks */ = {
			isa = PBXFrameworksBuildPhase;
			buildActionMask = 2147483647;
			files = (
			);
			runOnlyForDeploymentPostprocessing = 0;
		};
/* End PBXFrameworksBuildPhase section */

/* Begin PBXGroup section */
		B5D6E6EB2CAFD57900AF1F89 = {
			isa = PBXGroup;
			children = (
				B5D6E6F62CAFD57900AF1F89 /* ChatApplication */,
				B5D6E7072CAFD57A00AF1F89 /* ChatApplicationTests */,
				B5D6E7112CAFD57A00AF1F89 /* ChatApplicationUITests */,
				B5D6E6F52CAFD57900AF1F89 /* Products */,
			);
			sourceTree = "<group>";
		};
		B5D6E6F52CAFD57900AF1F89 /* Products */ = {
			isa = PBXGroup;
			children = (
				B5D6E6F42CAFD57900AF1F89 /* ChatApplication.app */,
				B5D6E7042CAFD57A00AF1F89 /* ChatApplicationTests.xctest */,
				B5D6E70E2CAFD57A00AF1F89 /* ChatApplicationUITests.xctest */,
			);
			name = Products;
			sourceTree = "<group>";
		};
/* End PBXGroup section */

/* Begin PBXNativeTarget section */
		B5D6E6F32CAFD57900AF1F89 /* ChatApplication */ = {
			isa = PBXNativeTarget;
			buildConfigurationList = B5D6E7182CAFD57A00AF1F89 /* Build configuration list for PBXNativeTarget "ChatApplication" */;
			buildPhases = (
				B5D6E6F02CAFD57900AF1F89 /* Sources */,
				B5D6E6F12CAFD57900AF1F89 /* Frameworks */,
				B5D6E6F22CAFD57900AF1F89 /* Resources */,
			);
			buildRules = (
			);
			dependencies = (
			);
			fileSystemSynchronizedGroups = (
				B5D6E6F62CAFD57900AF1F89 /* ChatApplication */,
			);
			name = ChatApplication;
			packageProductDependencies = (
			);
			productName = ChatApplication;
			productReference = B5D6E6F42CAFD57900AF1F89 /* ChatApplication.app */;
			productType = "com.apple.product-type.application";
		};
		B5D6E7032CAFD57A00AF1F89 /* ChatApplicationTests */ = {
			isa = PBXNativeTarget;
			buildConfigurationList = B5D6E71B2CAFD57A00AF1F89 /* Build configuration list for PBXNativeTarget "ChatApplicationTests" */;
			buildPhases = (
				B5D6E7002CAFD57A00AF1F89 /* Sources */,
				B5D6E7012CAFD57A00AF1F89 /* Frameworks */,
				B5D6E7022CAFD57A00AF1F89 /* Resources */,
			);
			buildRules = (
			);
			dependencies = (
				B5D6E7062CAFD57A00AF1F89 /* PBXTargetDependency */,
			);
			fileSystemSynchronizedGroups = (
				B5D6E7072CAFD57A00AF1F89 /* ChatApplicationTests */,
			);
			name = ChatApplicationTests;
			packageProductDependencies = (
			);
			productName = ChatApplicationTests;
			productReference = B5D6E7042CAFD57A00AF1F89 /* ChatApplicationTests.xctest */;
			productType = "com.apple.product-type.bundle.unit-test";
		};
		B5D6E70D2CAFD57A00AF1F89 /* ChatApplicationUITests */ = {
			isa = PBXNativeTarget;
			buildConfigurationList = B5D6E71E2CAFD57A00AF1F89 /* Build configuration list for PBXNativeTarget "ChatApplicationUITests" */;
			buildPhases = (
				B5D6E70A2CAFD57A00AF1F89 /* Sources */,
				B5D6E70B2CAFD57A00AF1F89 /* Frameworks */,
				B5D6E70C2CAFD57A00AF1F89 /* Resources */,
			);
			buildRules = (
			);
			dependencies = (
				B5D6E7102CAFD57A00AF1F89 /* PBXTargetDependency */,
			);
			fileSystemSynchronizedGroups = (
				B5D6E7112CAFD57A00AF1F89 /* ChatApplicationUITests */,
			);
			name = ChatApplicationUITests;
			packageProductDependencies = (
			);
			productName = ChatApplicationUITests;
			productReference = B5D6E70E2CAFD57A00AF1F89 /* ChatApplicationUITests.xctest */;
			productType = "com.apple.product-type.bundle.ui-testing";
		};
/* End PBXNativeTarget section */

/* Begin PBXProject section */
		B5D6E6EC2CAFD57900AF1F89 /* Project object */ = {
			isa = PBXProject;
			attributes = {
				BuildIndependentTargetsInParallel = 1;
				LastSwiftUpdateCheck = 1600;
				LastUpgradeCheck = 1600;
				TargetAttributes = {
					B5D6E6F32CAFD57900AF1F89 = {
						CreatedOnToolsVersion = 16.0;
					};
					B5D6E7032CAFD57A00AF1F89 = {
						CreatedOnToolsVersion = 16.0;
						TestTargetID = B5D6E6F32CAFD57900AF1F89;
					};
					B5D6E70D2CAFD57A00AF1F89 = {
						CreatedOnToolsVersion = 16.0;
						TestTargetID = B5D6E6F32CAFD57900AF1F89;
					};
				};
			};
			buildConfigurationList = B5D6E6EF2CAFD57900AF1F89 /* Build configuration list for PBXProject "ChatApplication" */;
			developmentRegion = en;
			hasScannedForEncodings = 0;
			knownRegions = (
				en,
				Base,
			);
			mainGroup = B5D6E6EB2CAFD57900AF1F89;
			minimizedProjectReferenceProxies = 1;
			preferredProjectObjectVersion = 77;
			productRefGroup = B5D6E6F52CAFD57900AF1F89 /* Products */;
			projectDirPath = "";
			projectRoot = "";
			targets = (
				B5D6E6F32CAFD57900AF1F89 /* ChatApplication */,
				B5D6E7032CAFD57A00AF1F89 /* ChatApplicationTests */,
				B5D6E70D2CAFD57A00AF1F89 /* ChatApplicationUITests */,
			);
		};
/* End PBXProject section */

/* Begin PBXResourcesBuildPhase section */
		B5D6E6F22CAFD57900AF1F89 /* Resources */ = {
			isa = PBXResourcesBuildPhase;
			buildActionMask = 2147483647;
			files = (
			);
			runOnlyForDeploymentPostprocessing = 0;
		};
		B5D6E7022CAFD57A00AF1F89 /* Resources */ = {
			isa = PBXResourcesBuildPhase;
			buildActionMask = 2147483647;
			files = (
			);
			runOnlyForDeploymentPostprocessing = 0;
		};
		B5D6E70C2CAFD57A00AF1F89 /* Resources */ = {
			isa = PBXResourcesBuildPhase;
			buildActionMask = 2147483647;
			files = (
			);
			runOnlyForDeploymentPostprocessing = 0;
		};
/* End PBXResourcesBuildPhase section */

/* Begin PBXSourcesBuildPhase section */
		B5D6E6F02CAFD57900AF1F89 /* Sources */ = {
			isa = PBXSourcesBuildPhase;
			buildActionMask = 2147483647;
			files = (
			);
			runOnlyForDeploymentPostprocessing = 0;
		};
		B5D6E7002CAFD57A00AF1F89 /* Sources */ = {
			isa = PBXSourcesBuildPhase;
			buildActionMask = 2147483647;
			files = (
			);
			runOnlyForDeploymentPostprocessing = 0;
		};
		B5D6E70A2CAFD57A00AF1F89 /* Sources */ = {
			isa = PBXSourcesBuildPhase;
			buildActionMask = 2147483647;
			files = (
			);
			runOnlyForDeploymentPostprocessing = 0;
		};
/* End PBXSourcesBuildPhase section */

/* Begin PBXTargetDependency section */
		B5D6E7062CAFD57A00AF1F89 /* PBXTargetDependency */ = {
			isa = PBXTargetDependency;
			target = B5D6E6F32CAFD57900AF1F89 /* ChatApplication */;
			targetProxy = B5D6E7052CAFD57A00AF1F89 /* PBXContainerItemProxy */;
		};
		B5D6E7102CAFD57A00AF1F89 /* PBXTargetDependency */ = {
			isa = PBXTargetDependency;
			target = B5D6E6F32CAFD57900AF1F89 /* ChatApplication */;
			targetProxy = B5D6E70F2CAFD57A00AF1F89 /* PBXContainerItemProxy */;
		};
/* End PBXTargetDependency section */

/* Begin XCBuildConfiguration section */
		B5D6E7162CAFD57A00AF1F89 /* Debug */ = {
			isa = XCBuildConfiguration;
			buildSettings = {
				ALWAYS_SEARCH_USER_PATHS = NO;
				ASSETCATALOG_COMPILER_GENERATE_SWIFT_ASSET_SYMBOL_EXTENSIONS = YES;
				CLANG_ANALYZER_NONNULL = YES;
				CLANG_ANALYZER_NUMBER_OBJECT_CONVERSION = YES_AGGRESSIVE;
				CLANG_CXX_LANGUAGE_STANDARD = "gnu++20";
				CLANG_ENABLE_MODULES = YES;
				CLANG_ENABLE_OBJC_ARC = YES;
				CLANG_ENABLE_OBJC_WEAK = YES;
				CLANG_WARN_BLOCK_CAPTURE_AUTORELEASING = YES;
				CLANG_WARN_BOOL_CONVERSION = YES;
				CLANG_WARN_COMMA = YES;
				CLANG_WARN_CONSTANT_CONVERSION = YES;
				CLANG_WARN_DEPRECATED_OBJC_IMPLEMENTATIONS = YES;
				CLANG_WARN_DIRECT_OBJC_ISA_USAGE = YES_ERROR;
				CLANG_WARN_DOCUMENTATION_COMMENTS = YES;
				CLANG_WARN_EMPTY_BODY = YES;
				CLANG_WARN_ENUM_CONVERSION = YES;
				CLANG_WARN_INFINITE_RECURSION = YES;
				CLANG_WARN_INT_CONVERSION = YES;
				CLANG_WARN_NON_LITERAL_NULL_CONVERSION = YES;
				CLANG_WARN_OBJC_IMPLICIT_RETAIN_SELF = YES;
				CLANG_WARN_OBJC_LITERAL_CONVERSION = YES;
				CLANG_WARN_OBJC_ROOT_CLASS = YES_ERROR;
				CLANG_WARN_QUOTED_INCLUDE_IN_FRAMEWORK_HEADER = YES;
				CLANG_WARN_RANGE_LOOP_ANALYSIS = YES;
				CLANG_WARN_STRICT_PROTOTYPES = YES;
				CLANG_WARN_SUSPICIOUS_MOVE = YES;
				CLANG_WARN_UNGUARDED_AVAILABILITY = YES_AGGRESSIVE;
				CLANG_WARN_UNREACHABLE_CODE = YES;
				CLANG_WARN__DUPLICATE_METHOD_MATCH = YES;
				COPY_PHASE_STRIP = NO;
				DEBUG_INFORMATION_FORMAT = dwarf;
				ENABLE_STRICT_OBJC_MSGSEND = YES;
				ENABLE_TESTABILITY = YES;
				ENABLE_USER_SCRIPT_SANDBOXING = YES;
				GCC_C_LANGUAGE_STANDARD = gnu17;
				GCC_DYNAMIC_NO_PIC = NO;
				GCC_NO_COMMON_BLOCKS = YES;
				GCC_OPTIMIZATION_LEVEL = 0;
				GCC_PREPROCESSOR_DEFINITIONS = (
					"DEBUG=1",
					"$(inherited)",
				);
				GCC_WARN_64_TO_32_BIT_CONVERSION = YES;
				GCC_WARN_ABOUT_RETURN_TYPE = YES_ERROR;
				GCC_WARN_UNDECLARED_SELECTOR = YES;
				GCC_WARN_UNINITIALIZED_AUTOS = YES_AGGRESSIVE;
				GCC_WARN_UNUSED_FUNCTION = YES;
				GCC_WARN_UNUSED_VARIABLE = YES;
				IPHONEOS_DEPLOYMENT_TARGET = 18.0;
				LOCALIZATION_PREFERS_STRING_CATALOGS = YES;
				MTL_ENABLE_DEBUG_INFO = INCLUDE_SOURCE;
				MTL_FAST_MATH = YES;
				ONLY_ACTIVE_ARCH = YES;
				SDKROOT = iphoneos;
				SWIFT_ACTIVE_COMPILATION_CONDITIONS = "DEBUG $(inherited)";
				SWIFT_OPTIMIZATION_LEVEL = "-Onone";
			};
			name = Debug;
		};
		B5D6E7172CAFD57A00AF1F89 /* Release */ = {
			isa = XCBuildConfiguration;
			buildSettings = {
				ALWAYS_SEARCH_USER_PATHS = NO;
				ASSETCATALOG_COMPILER_GENERATE_SWIFT_ASSET_SYMBOL_EXTENSIONS = YES;
				CLANG_ANALYZER_NONNULL = YES;
				CLANG_ANALYZER_NUMBER_OBJECT_CONVERSION = YES_AGGRESSIVE;
				CLANG_CXX_LANGUAGE_STANDARD = "gnu++20";
				CLANG_ENABLE_MODULES = YES;
				CLANG_ENABLE_OBJC_ARC = YES;
				CLANG_ENABLE_OBJC_WEAK = YES;
				CLANG_WARN_BLOCK_CAPTURE_AUTORELEASING = YES;
				CLANG_WARN_BOOL_CONVERSION = YES;
				CLANG_WARN_COMMA = YES;
				CLANG_WARN_CONSTANT_CONVERSION = YES;
				CLANG_WARN_DEPRECATED_OBJC_IMPLEMENTATIONS = YES;
				CLANG_WARN_DIRECT_OBJC_ISA_USAGE = YES_ERROR;
				CLANG_WARN_DOCUMENTATION_COMMENTS = YES;
				CLANG_WARN_EMPTY_BODY = YES;
				CLANG_WARN_ENUM_CONVERSION = YES;
				CLANG_WARN_INFINITE_RECURSION = YES;
				CLANG_WARN_INT_CONVERSION = YES;
				CLANG_WARN_NON_LITERAL_NULL_CONVERSION = YES;
				CLANG_WARN_OBJC_IMPLICIT_RETAIN_SELF = YES;
				CLANG_WARN_OBJC_LITERAL_CONVERSION = YES;
				CLANG_WARN_OBJC_ROOT_CLASS = YES_ERROR;
				CLANG_WARN_QUOTED_INCLUDE_IN_FRAMEWORK_HEADER = YES;
				CLANG_WARN_RANGE_LOOP_ANALYSIS = YES;
				CLANG_WARN_STRICT_PROTOTYPES = YES;
				CLANG_WARN_SUSPICIOUS_MOVE = YES;
				CLANG_WARN_UNGUARDED_AVAILABILITY = YES_AGGRESSIVE;
				CLANG_WARN_UNREACHABLE_CODE = YES;
				CLANG_WARN__DUPLICATE_METHOD_MATCH = YES;
				COPY_PHASE_STRIP = NO;
				DEBUG_INFORMATION_FORMAT = "dwarf-with-dsym";
				ENABLE_NS_ASSERTIONS = NO;
				ENABLE_STRICT_OBJC_MSGSEND = YES;
				ENABLE_USER_SCRIPT_SANDBOXING = YES;
				GCC_C_LANGUAGE_STANDARD = gnu17;
				GCC_NO_COMMON_BLOCKS = YES;
				GCC_WARN_64_TO_32_BIT_CONVERSION = YES;
				GCC_WARN_ABOUT_RETURN_TYPE = YES_ERROR;
				GCC_WARN_UNDECLARED_SELECTOR = YES;
				GCC_WARN_UNINITIALIZED_AUTOS = YES_AGGRESSIVE;
				GCC_WARN_UNUSED_FUNCTION = YES;
				GCC_WARN_UNUSED_VARIABLE = YES;
				IPHONEOS_DEPLOYMENT_TARGET = 18.0;
				LOCALIZATION_PREFERS_STRING_CATALOGS = YES;
				MTL_ENABLE_DEBUG_INFO = NO;
				MTL_FAST_MATH = YES;
				SDKROOT = iphoneos;
				SWIFT_COMPILATION_MODE = wholemodule;
				VALIDATE_PRODUCT = YES;
			};
			name = Release;
		};
		B5D6E7192CAFD57A00AF1F89 /* Debug */ = {
			isa = XCBuildConfiguration;
			buildSettings = {
				ASSETCATALOG_COMPILER_APPICON_NAME = AppIcon;
				ASSETCATALOG_COMPILER_GLOBAL_ACCENT_COLOR_NAME = AccentColor;
				CODE_SIGN_STYLE = Automatic;
				CURRENT_PROJECT_VERSION = 1;
				DEVELOPMENT_ASSET_PATHS = "\"ChatApplication/Preview Content\"";
				DEVELOPMENT_TEAM = K5N6D52NVZ;
				ENABLE_PREVIEWS = YES;
				GENERATE_INFOPLIST_FILE = YES;
				INFOPLIST_KEY_UIApplicationSceneManifest_Generation = YES;
				INFOPLIST_KEY_UIApplicationSupportsIndirectInputEvents = YES;
				INFOPLIST_KEY_UILaunchScreen_Generation = YES;
				INFOPLIST_KEY_UISupportedInterfaceOrientations_iPad = "UIInterfaceOrientationPortrait UIInterfaceOrientationPortraitUpsideDown UIInterfaceOrientationLandscapeLeft UIInterfaceOrientationLandscapeRight";
				INFOPLIST_KEY_UISupportedInterfaceOrientations_iPhone = "UIInterfaceOrientationPortrait UIInterfaceOrientationLandscapeLeft UIInterfaceOrientationLandscapeRight";
				LD_RUNPATH_SEARCH_PATHS = (
					"$(inherited)",
					"@executable_path/Frameworks",
				);
				MARKETING_VERSION = 1.0;
				PRODUCT_BUNDLE_IDENTIFIER = testing.ChatApplication;
				PRODUCT_NAME = "$(TARGET_NAME)";
				SWIFT_EMIT_LOC_STRINGS = YES;
				SWIFT_VERSION = 5.0;
				TARGETED_DEVICE_FAMILY = "1,2";
			};
			name = Debug;
		};
		B5D6E71A2CAFD57A00AF1F89 /* Release */ = {
			isa = XCBuildConfiguration;
			buildSettings = {
				ASSETCATALOG_COMPILER_APPICON_NAME = AppIcon;
				ASSETCATALOG_COMPILER_GLOBAL_ACCENT_COLOR_NAME = AccentColor;
				CODE_SIGN_STYLE = Automatic;
				CURRENT_PROJECT_VERSION = 1;
				DEVELOPMENT_ASSET_PATHS = "\"ChatApplication/Preview Content\"";
				DEVELOPMENT_TEAM = K5N6D52NVZ;
				ENABLE_PREVIEWS = YES;
				GENERATE_INFOPLIST_FILE = YES;
				INFOPLIST_KEY_UIApplicationSceneManifest_Generation = YES;
				INFOPLIST_KEY_UIApplicationSupportsIndirectInputEvents = YES;
				INFOPLIST_KEY_UILaunchScreen_Generation = YES;
				INFOPLIST_KEY_UISupportedInterfaceOrientations_iPad = "UIInterfaceOrientationPortrait UIInterfaceOrientationPortraitUpsideDown UIInterfaceOrientationLandscapeLeft UIInterfaceOrientationLandscapeRight";
				INFOPLIST_KEY_UISupportedInterfaceOrientations_iPhone = "UIInterfaceOrientationPortrait UIInterfaceOrientationLandscapeLeft UIInterfaceOrientationLandscapeRight";
				LD_RUNPATH_SEARCH_PATHS = (
					"$(inherited)",
					"@executable_path/Frameworks",
				);
				MARKETING_VERSION = 1.0;
				PRODUCT_BUNDLE_IDENTIFIER = testing.ChatApplication;
				PRODUCT_NAME = "$(TARGET_NAME)";
				SWIFT_EMIT_LOC_STRINGS = YES;
				SWIFT_VERSION = 5.0;
				TARGETED_DEVICE_FAMILY = "1,2";
			};
			name = Release;
		};
		B5D6E71C2CAFD57A00AF1F89 /* Debug */ = {
			isa = XCBuildConfiguration;
			buildSettings = {
				BUNDLE_LOADER = "$(TEST_HOST)";
				CODE_SIGN_STYLE = Automatic;
				CURRENT_PROJECT_VERSION = 1;
				DEVELOPMENT_TEAM = K5N6D52NVZ;
				GENERATE_INFOPLIST_FILE = YES;
				IPHONEOS_DEPLOYMENT_TARGET = 18.0;
				MARKETING_VERSION = 1.0;
				PRODUCT_BUNDLE_IDENTIFIER = testing.ChatApplicationTests;
				PRODUCT_NAME = "$(TARGET_NAME)";
				SWIFT_EMIT_LOC_STRINGS = NO;
				SWIFT_VERSION = 5.0;
				TARGETED_DEVICE_FAMILY = "1,2";
				TEST_HOST = "$(BUILT_PRODUCTS_DIR)/ChatApplication.app/$(BUNDLE_EXECUTABLE_FOLDER_PATH)/ChatApplication";
			};
			name = Debug;
		};
		B5D6E71D2CAFD57A00AF1F89 /* Release */ = {
			isa = XCBuildConfiguration;
			buildSettings = {
				BUNDLE_LOADER = "$(TEST_HOST)";
				CODE_SIGN_STYLE = Automatic;
				CURRENT_PROJECT_VERSION = 1;
				DEVELOPMENT_TEAM = K5N6D52NVZ;
				GENERATE_INFOPLIST_FILE = YES;
				IPHONEOS_DEPLOYMENT_TARGET = 18.0;
				MARKETING_VERSION = 1.0;
				PRODUCT_BUNDLE_IDENTIFIER = testing.ChatApplicationTests;
				PRODUCT_NAME = "$(TARGET_NAME)";
				SWIFT_EMIT_LOC_STRINGS = NO;
				SWIFT_VERSION = 5.0;
				TARGETED_DEVICE_FAMILY = "1,2";
				TEST_HOST = "$(BUILT_PRODUCTS_DIR)/ChatApplication.app/$(BUNDLE_EXECUTABLE_FOLDER_PATH)/ChatApplication";
			};
			name = Release;
		};
		B5D6E71F2CAFD57A00AF1F89 /* Debug */ = {
			isa = XCBuildConfiguration;
			buildSettings = {
				CODE_SIGN_STYLE = Automatic;
				CURRENT_PROJECT_VERSION = 1;
				DEVELOPMENT_TEAM = K5N6D52NVZ;
				GENERATE_INFOPLIST_FILE = YES;
				MARKETING_VERSION = 1.0;
				PRODUCT_BUNDLE_IDENTIFIER = testing.ChatApplicationUITests;
				PRODUCT_NAME = "$(TARGET_NAME)";
				SWIFT_EMIT_LOC_STRINGS = NO;
				SWIFT_VERSION = 5.0;
				TARGETED_DEVICE_FAMILY = "1,2";
				TEST_TARGET_NAME = ChatApplication;
			};
			name = Debug;
		};
		B5D6E7202CAFD57A00AF1F89 /* Release */ = {
			isa = XCBuildConfiguration;
			buildSettings = {
				CODE_SIGN_STYLE = Automatic;
				CURRENT_PROJECT_VERSION = 1;
				DEVELOPMENT_TEAM = K5N6D52NVZ;
				GENERATE_INFOPLIST_FILE = YES;
				MARKETING_VERSION = 1.0;
				PRODUCT_BUNDLE_IDENTIFIER = testing.ChatApplicationUITests;
				PRODUCT_NAME = "$(TARGET_NAME)";
				SWIFT_EMIT_LOC_STRINGS = NO;
				SWIFT_VERSION = 5.0;
				TARGETED_DEVICE_FAMILY = "1,2";
				TEST_TARGET_NAME = ChatApplication;
			};
			name = Release;
		};
/* End XCBuildConfiguration section */

/* Begin XCConfigurationList section */
		B5D6E6EF2CAFD57900AF1F89 /* Build configuration list for PBXProject "ChatApplication" */ = {
			isa = XCConfigurationList;
			buildConfigurations = (
				B5D6E7162CAFD57A00AF1F89 /* Debug */,
				B5D6E7172CAFD57A00AF1F89 /* Release */,
			);
			defaultConfigurationIsVisible = 0;
			defaultConfigurationName = Release;
		};
		B5D6E7182CAFD57A00AF1F89 /* Build configuration list for PBXNativeTarget "ChatApplication" */ = {
			isa = XCConfigurationList;
			buildConfigurations = (
				B5D6E7192CAFD57A00AF1F89 /* Debug */,
				B5D6E71A2CAFD57A00AF1F89 /* Release */,
			);
			defaultConfigurationIsVisible = 0;
			defaultConfigurationName = Release;
		};
		B5D6E71B2CAFD57A00AF1F89 /* Build configuration list for PBXNativeTarget "ChatApplicationTests" */ = {
			isa = XCConfigurationList;
			buildConfigurations = (
				B5D6E71C2CAFD57A00AF1F89 /* Debug */,
				B5D6E71D2CAFD57A00AF1F89 /* Release */,
			);
			defaultConfigurationIsVisible = 0;
			defaultConfigurationName = Release;
		};
		B5D6E71E2CAFD57A00AF1F89 /* Build configuration list for PBXNativeTarget "ChatApplicationUITests" */ = {
			isa = XCConfigurationList;
			buildConfigurations = (
				B5D6E71F2CAFD57A00AF1F89 /* Debug */,
				B5D6E7202CAFD57A00AF1F89 /* Release */,
			);
			defaultConfigurationIsVisible = 0;
			defaultConfigurationName = Release;
		};
/* End XCConfigurationList section */
	};
	rootObject = B5D6E6EC2CAFD57900AF1F89 /* Project object */;
}
